{
  "name": "mappamind",
  "version": "0.0.0",
  "lockfileVersion": 3,
  "requires": true,
  "packages": {
    "": {
      "name": "mappamind",
      "version": "0.0.0",
      "workspaces": [
        "packages/*"
      ],
      "devDependencies": {
        "@types/node": "^22.15.30",
        "typescript": "^5.8.3"
      }
    },
    "node_modules/@mappamind_/baseline": {
      "resolved": "packages/baseline",
      "link": true
    },
    "node_modules/@mappamind_/capture": {
      "resolved": "packages/capture",
      "link": true
    },
    "node_modules/@mappamind_/core": {
      "resolved": "packages/core",
      "link": true
    },
    "node_modules/@mappamind_/extractors": {
      "resolved": "packages/extractors",
      "link": true
    },
    "node_modules/@mappamind_/impact": {
      "resolved": "packages/impact",
      "link": true
    },
    "node_modules/@mappamind_/ledger": {
      "resolved": "packages/ledger",
      "link": true
    },
    "node_modules/@mappamind_/pipeline": {
      "resolved": "packages/pipeline",
      "link": true
    },
    "node_modules/@mappamind_/scoring": {
      "resolved": "packages/scoring",
      "link": true
    },
    "node_modules/@mappamind_/seam": {
      "resolved": "packages/seam",
      "link": true
    },
    "node_modules/@mappamind_/store": {
      "resolved": "packages/store",
      "link": true
    },
    "node_modules/@mappamind_/synthesis": {
      "resolved": "packages/synthesis",
      "link": true
    },
    "node_modules/@types/node": {
      "version": "22.19.20",
      "dev": true,
      "license": "MIT",
      "dependencies": {
        "undici-types": "~6.21.0"
      }
    },
    "node_modules/mappamind": {
      "resolved": "packages/mappamind",
      "link": true
    },
    "node_modules/tree-sitter-wasms": {
      "version": "0.1.13",
      "license": "Unlicense",
      "dependencies": {
        "tree-sitter-wasms": "^0.1.11"
      }
    },
    "node_modules/typescript": {
      "version": "5.9.3",
      "dev": true,
      "license": "Apache-2.0",
      "bin": {
        "tsc": "bin/tsc",
        "tsserver": "bin/tsserver"
      },
      "engines": {
        "node": ">=14.17"
      }
    },
    "node_modules/undici-types": {
      "version": "6.21.0",
      "dev": true,
      "license": "MIT"
    },
    "node_modules/web-tree-sitter": {
      "version": "0.25.10",
      "license": "MIT",
      "peerDependencies": {
        "@types/emscripten": "^1.40.0"
      },
      "peerDependenciesMeta": {
        "@types/emscripten": {
          "optional": true
        }
      }
    },
    "packages/baseline": {
      "name": "@mappamind_/baseline",
      "version": "0.0.0",
      "license": "MIT",
      "dependencies": {
        "@mappamind_/extractors": "0.0.0"
      },
      "engines": {
        "node": ">=20"
      }
    },
    "packages/capture": {
      "name": "@mappamind_/capture",
      "version": "0.0.0",
      "license": "MIT",
      "dependencies": {
        "@mappamind_/core": "0.0.0"
      },
      "engines": {
        "node": ">=20"
      }
    },
    "packages/core": {
      "name": "@mappamind_/core",
      "version": "0.0.0",
      "license": "MIT",
      "engines": {
        "node": ">=20"
      }
    },
    "packages/extractors": {
      "name": "@mappamind_/extractors",
      "version": "0.0.0",
      "license": "MIT",
      "dependencies": {
        "tree-sitter-wasms": "^0.1.11",
        "web-tree-sitter": "^0.25.0"
      },
      "engines": {
        "node": ">=20"
      }
    },
    "packages/impact": {
      "name": "@mappamind_/impact",
      "version": "0.0.0",
      "license": "MIT",
      "dependencies": {
        "@mappamind_/baseline": "0.0.0",
        "@mappamind_/seam": "0.0.0",
        "@mappamind_/synthesis": "0.0.0"
      },
      "engines": {
        "node": ">=20"
      }
    },
    "packages/ledger": {
      "name": "@mappamind_/ledger",
      "version": "0.0.0",
      "license": "MIT",
      "dependencies": {
        "@mappamind_/core": "0.0.0"
      },
      "engines": {
        "node": ">=20"
      }
    },
    "packages/mappamind": {
      "version": "0.0.0",
      "license": "MIT",
      "dependencies": {
        "@mappamind_/pipeline": "0.0.0"
      },
      "bin": {
        "mappamind": "dist/mappamind.js",
        "mappamind-baseline": "dist/cli.js"
      },
      "engines": {
        "node": ">=20"
      }
    },
    "packages/pipeline": {
      "name": "@mappamind_/pipeline",
      "version": "0.0.0",
      "license": "MIT",
      "dependencies": {
        "@mappamind_/baseline": "0.0.0",
        "@mappamind_/capture": "0.0.0",
        "@mappamind_/extractors": "0.0.0",
        "@mappamind_/impact": "0.0.0",
        "@mappamind_/ledger": "0.0.0",
        "@mappamind_/seam": "0.0.0",
        "@mappamind_/store": "0.0.0",
        "@mappamind_/synthesis": "0.0.0"
      },
      "bin": {
        "mappamind": "dist/mappamind.js",
        "mappamind-baseline": "dist/cli.js"
      },
      "engines": {
        "node": ">=20"
      }
    },
    "packages/scoring": {
      "name": "@mappamind_/scoring",
      "version": "0.0.0",
      "license": "MIT",
      "dependencies": {
        "@mappamind_/baseline": "0.0.0",
        "@mappamind_/core": "0.0.0",
        "@mappamind_/seam": "0.0.0"
      },
      "bin": {
        "mappamind-score": "dist/cli.js",
        "mappamind-score-channels": "dist/channelCli.js"
      },
      "engines": {
        "node": ">=20"
      }
    },
    "packages/seam": {
      "name": "@mappamind_/seam",
      "version": "0.0.0",
      "license": "MIT",
      "dependencies": {
        "@mappamind_/core": "0.0.0",
        "@mappamind_/extractors": "0.0.0"
      },
      "engines": {
        "node": ">=20"
      }
    },
    "packages/store": {
      "name": "@mappamind_/store",
      "version": "0.0.0",
      "license": "MIT",
      "dependencies": {
        "@mappamind_/baseline": "0.0.0",
        "@mappamind_/extractors": "0.0.0"
      },
      "engines": {
        "node": ">=20"
      }
    },
    "packages/synthesis": {
      "name": "@mappamind_/synthesis",
      "version": "0.0.0",
      "license": "MIT",
      "dependencies": {
        "@mappamind_/baseline": "0.0.0",
        "@mappamind_/extractors": "0.0.0",
        "@mappamind_/seam": "0.0.0"
      },
      "engines": {
        "node": ">=20"
      }
    }
  }
}
